
Microsoft Visual Studio Solution File, Format Version 12.00
# Visual Studio Version 16
VisualStudioVersion = 16.0.30804.86
MinimumVisualStudioVersion = 10.0.40219.1
Project("{FAE04EC0-301F-11D3-BF4B-00C04F79EFBC}") = "Entity", "Entity\Entity.csproj", "{AB43DA81-6A46-4FA2-B83C-D4556CA0C4B5}"
EndProject
Project("{FAE04EC0-301F-11D3-BF4B-00C04F79EFBC}") = "Data", "Data\Data.csproj", "{114DBF3F-4FA6-4B54-9103-50C1E1A3EAD1}"
EndProject
Project("{FAE04EC0-301F-11D3-BF4B-00C04F79EFBC}") = "Business", "Business\Business.csproj", "{C9BEC8CF-688B-4722-9965-BDFE677CB9B7}"
EndProject
Project("{FAE04EC0-301F-11D3-BF4B-00C04F79EFBC}") = "ApiRest", "ApiRest\ApiRest.csproj", "{7B40C396-1144-4165-86C8-1C6D02BA11EB}"
EndProject
Global
	GlobalSection(SolutionConfigurationPlatforms) = preSolution
		Debug|Any CPU = Debug|Any CPU
		Release|Any CPU = Release|Any CPU
	EndGlobalSection
	GlobalSection(ProjectConfigurationPlatforms) = postSolution
		{AB43DA81-6A46-4FA2-B83C-D4556CA0C4B5}.Debug|Any CPU.ActiveCfg = Debug|Any CPU
		{AB43DA81-6A46-4FA2-B83C-D4556CA0C4B5}.Debug|Any CPU.Build.0 = Debug|Any CPU
		{AB43DA81-6A46-4FA2-B83C-D4556CA0C4B5}.Release|Any CPU.ActiveCfg = Release|Any CPU
		{AB43DA81-6A46-4FA2-B83C-D4556CA0C4B5}.Release|Any CPU.Build.0 = Release|Any CPU
		{114DBF3F-4FA6-4B54-9103-50C1E1A3EAD1}.Debug|Any CPU.ActiveCfg = Debug|Any CPU
		{114DBF3F-4FA6-4B54-9103-50C1E1A3EAD1}.Debug|Any CPU.Build.0 = Debug|Any CPU
		{114DBF3F-4FA6-4B54-9103-50C1E1A3EAD1}.Release|Any CPU.ActiveCfg = Release|Any CPU
		{114DBF3F-4FA6-4B54-9103-50C1E1A3EAD1}.Release|Any CPU.Build.0 = Release|Any CPU
		{C9BEC8CF-688B-4722-9965-BDFE677CB9B7}.Debug|Any CPU.ActiveCfg = Debug|Any CPU
		{C9BEC8CF-688B-4722-9965-BDFE677CB9B7}.Debug|Any CPU.Build.0 = Debug|Any CPU
		{C9BEC8CF-688B-4722-9965-BDFE677CB9B7}.Release|Any CPU.ActiveCfg = Release|Any CPU
		{C9BEC8CF-688B-4722-9965-BDFE677CB9B7}.Release|Any CPU.Build.0 = Release|Any CPU
		{7B40C396-1144-4165-86C8-1C6D02BA11EB}.Debug|Any CPU.ActiveCfg = Debug|Any CPU
		{7B40C396-1144-4165-86C8-1C6D02BA11EB}.Debug|Any CPU.Build.0 = Debug|Any CPU
		{7B40C396-1144-4165-86C8-1C6D02BA11EB}.Release|Any CPU.ActiveCfg = Release|Any CPU
		{7B40C396-1144-4165-86C8-1C6D02BA11EB}.Release|Any CPU.Build.0 = Release|Any CPU
	EndGlobalSection
	GlobalSection(SolutionProperties) = preSolution
		HideSolutionNode = FALSE
	EndGlobalSection
	GlobalSection(ExtensibilityGlobals) = postSolution
		SolutionGuid = {C93FE367-1A6E-46F4-AE66-EAA9AD7EAF63}
	EndGlobalSection
EndGlobal
